
Microsoft Visual Studio Solution File, Format Version 12.00
# Visual Studio Version 17
VisualStudioVersion = 17.14.36109.1
MinimumVisualStudioVersion = 10.0.40219.1
Project("{FAE04EC0-301F-11D3-BF4B-00C04F79EFBC}") = "Service.API", "src\1.Service.API\Service.API.csproj", "{B3DBC640-13D6-440B-B3BD-1F54DFE9F6EE}"
	ProjectSection(ProjectDependencies) = postProject
		{283BB307-596B-4D65-A2E7-9EF533B358CC} = {283BB307-596B-4D65-A2E7-9EF533B358CC}
		{5D3EDB3C-1BF8-41CD-B44B-41A3A7778E63} = {5D3EDB3C-1BF8-41CD-B44B-41A3A7778E63}
		{AC679450-5AA6-4D53-B5C6-DCDF53A6037D} = {AC679450-5AA6-4D53-B5C6-DCDF53A6037D}
		{DA79A258-E035-4962-8141-FDE1F4F983EF} = {DA79A258-E035-4962-8141-FDE1F4F983EF}
	EndProjectSection
EndProject
Project("{FAE04EC0-301F-11D3-BF4B-00C04F79EFBC}") = "Application", "src\2.Application\Application.csproj", "{283BB307-596B-4D65-A2E7-9EF533B358CC}"
	ProjectSection(ProjectDependencies) = postProject
		{5D3EDB3C-1BF8-41CD-B44B-41A3A7778E63} = {5D3EDB3C-1BF8-41CD-B44B-41A3A7778E63}
		{AC679450-5AA6-4D53-B5C6-DCDF53A6037D} = {AC679450-5AA6-4D53-B5C6-DCDF53A6037D}
	EndProjectSection
EndProject
Project("{FAE04EC0-301F-11D3-BF4B-00C04F79EFBC}") = "Domain.Core", "src\3.Domain.Core\Domain.Core.csproj", "{AC679450-5AA6-4D53-B5C6-DCDF53A6037D}"
	ProjectSection(ProjectDependencies) = postProject
		{5D3EDB3C-1BF8-41CD-B44B-41A3A7778E63} = {5D3EDB3C-1BF8-41CD-B44B-41A3A7778E63}
	EndProjectSection
EndProject
Project("{FAE04EC0-301F-11D3-BF4B-00C04F79EFBC}") = "Infrastructure", "src\4.Infrastructure\Infrastructure.csproj", "{DA79A258-E035-4962-8141-FDE1F4F983EF}"
	ProjectSection(ProjectDependencies) = postProject
		{5D3EDB3C-1BF8-41CD-B44B-41A3A7778E63} = {5D3EDB3C-1BF8-41CD-B44B-41A3A7778E63}
		{AC679450-5AA6-4D53-B5C6-DCDF53A6037D} = {AC679450-5AA6-4D53-B5C6-DCDF53A6037D}
	EndProjectSection
EndProject
Project("{FAE04EC0-301F-11D3-BF4B-00C04F79EFBC}") = "Domain.Shared", "src\3.Domain.Shared\Domain.Shared.csproj", "{5D3EDB3C-1BF8-41CD-B44B-41A3A7778E63}"
EndProject
Project("{FAE04EC0-301F-11D3-BF4B-00C04F79EFBC}") = "Test", "Test\Test.csproj", "{523A68D5-C912-4803-8F15-AFD25FF66EAF}"
	ProjectSection(ProjectDependencies) = postProject
		{283BB307-596B-4D65-A2E7-9EF533B358CC} = {283BB307-596B-4D65-A2E7-9EF533B358CC}
		{5D3EDB3C-1BF8-41CD-B44B-41A3A7778E63} = {5D3EDB3C-1BF8-41CD-B44B-41A3A7778E63}
		{AC679450-5AA6-4D53-B5C6-DCDF53A6037D} = {AC679450-5AA6-4D53-B5C6-DCDF53A6037D}
		{B3DBC640-13D6-440B-B3BD-1F54DFE9F6EE} = {B3DBC640-13D6-440B-B3BD-1F54DFE9F6EE}
		{DA79A258-E035-4962-8141-FDE1F4F983EF} = {DA79A258-E035-4962-8141-FDE1F4F983EF}
	EndProjectSection
EndProject
Global
	GlobalSection(SolutionConfigurationPlatforms) = preSolution
		Debug|Any CPU = Debug|Any CPU
		Release|Any CPU = Release|Any CPU
	EndGlobalSection
	GlobalSection(ProjectConfigurationPlatforms) = postSolution
		{B3DBC640-13D6-440B-B3BD-1F54DFE9F6EE}.Debug|Any CPU.ActiveCfg = Debug|Any CPU
		{B3DBC640-13D6-440B-B3BD-1F54DFE9F6EE}.Debug|Any CPU.Build.0 = Debug|Any CPU
		{B3DBC640-13D6-440B-B3BD-1F54DFE9F6EE}.Release|Any CPU.ActiveCfg = Release|Any CPU
		{B3DBC640-13D6-440B-B3BD-1F54DFE9F6EE}.Release|Any CPU.Build.0 = Release|Any CPU
		{283BB307-596B-4D65-A2E7-9EF533B358CC}.Debug|Any CPU.ActiveCfg = Debug|Any CPU
		{283BB307-596B-4D65-A2E7-9EF533B358CC}.Debug|Any CPU.Build.0 = Debug|Any CPU
		{283BB307-596B-4D65-A2E7-9EF533B358CC}.Release|Any CPU.ActiveCfg = Release|Any CPU
		{283BB307-596B-4D65-A2E7-9EF533B358CC}.Release|Any CPU.Build.0 = Release|Any CPU
		{AC679450-5AA6-4D53-B5C6-DCDF53A6037D}.Debug|Any CPU.ActiveCfg = Debug|Any CPU
		{AC679450-5AA6-4D53-B5C6-DCDF53A6037D}.Debug|Any CPU.Build.0 = Debug|Any CPU
		{AC679450-5AA6-4D53-B5C6-DCDF53A6037D}.Release|Any CPU.ActiveCfg = Release|Any CPU
		{AC679450-5AA6-4D53-B5C6-DCDF53A6037D}.Release|Any CPU.Build.0 = Release|Any CPU
		{DA79A258-E035-4962-8141-FDE1F4F983EF}.Debug|Any CPU.ActiveCfg = Debug|Any CPU
		{DA79A258-E035-4962-8141-FDE1F4F983EF}.Debug|Any CPU.Build.0 = Debug|Any CPU
		{DA79A258-E035-4962-8141-FDE1F4F983EF}.Release|Any CPU.ActiveCfg = Release|Any CPU
		{DA79A258-E035-4962-8141-FDE1F4F983EF}.Release|Any CPU.Build.0 = Release|Any CPU
		{5D3EDB3C-1BF8-41CD-B44B-41A3A7778E63}.Debug|Any CPU.ActiveCfg = Debug|Any CPU
		{5D3EDB3C-1BF8-41CD-B44B-41A3A7778E63}.Debug|Any CPU.Build.0 = Debug|Any CPU
		{5D3EDB3C-1BF8-41CD-B44B-41A3A7778E63}.Release|Any CPU.ActiveCfg = Release|Any CPU
		{5D3EDB3C-1BF8-41CD-B44B-41A3A7778E63}.Release|Any CPU.Build.0 = Release|Any CPU
		{523A68D5-C912-4803-8F15-AFD25FF66EAF}.Debug|Any CPU.ActiveCfg = Debug|Any CPU
		{523A68D5-C912-4803-8F15-AFD25FF66EAF}.Debug|Any CPU.Build.0 = Debug|Any CPU
		{523A68D5-C912-4803-8F15-AFD25FF66EAF}.Release|Any CPU.ActiveCfg = Release|Any CPU
		{523A68D5-C912-4803-8F15-AFD25FF66EAF}.Release|Any CPU.Build.0 = Release|Any CPU
	EndGlobalSection
	GlobalSection(SolutionProperties) = preSolution
		HideSolutionNode = FALSE
	EndGlobalSection
	GlobalSection(ExtensibilityGlobals) = postSolution
		SolutionGuid = {31BE6045-07F2-4082-9145-D7012D771C05}
	EndGlobalSection
EndGlobal
